
Microsoft Visual Studio Solution File, Format Version 12.00
# Visual Studio 15
VisualStudioVersion = 15.0.26228.9
MinimumVisualStudioVersion = 10.0.40219.1
Project("{FAE04EC0-301F-11D3-BF4B-00C04F79EFBC}") = "Legal.Ner", "Legal.Ner\Legal.Ner.csproj", "{53D69E5E-46EE-4BB3-9958-AE32D9D3A47D}"
EndProject
Project("{FAE04EC0-301F-11D3-BF4B-00C04F79EFBC}") = "Legal.Ner.Web", "Legal.Ner.Web\Legal.Ner.Web.csproj", "{ECBBEB6A-85D2-4761-9080-11F76FA7DD8D}"
EndProject
Project("{FAE04EC0-301F-11D3-BF4B-00C04F79EFBC}") = "Legal.Ner.DataAccess", "Legal.Ner.DataAccess\Legal.Ner.DataAccess.csproj", "{2F1F7B99-A94E-4730-888D-998D717CFB40}"
EndProject
Project("{FAE04EC0-301F-11D3-BF4B-00C04F79EFBC}") = "Legal.Ner.Domain", "Legal.Ner.Domain\Legal.Ner.Domain.csproj", "{547461CD-90C7-4A26-8E32-E9632E6C5476}"
EndProject
Project("{FAE04EC0-301F-11D3-BF4B-00C04F79EFBC}") = "Legal.Ner.Business", "Legal.Ner.Business\Legal.Ner.Business.csproj", "{7E67611C-372D-408A-9B44-567A8B61AC30}"
EndProject
Project("{FAE04EC0-301F-11D3-BF4B-00C04F79EFBC}") = "Legal.Ner.Log", "Legal.Ner.Log\Legal.Ner.Log.csproj", "{85C00DA3-3D22-49EE-8D49-F7D8571205A7}"
EndProject
Project("{FAE04EC0-301F-11D3-BF4B-00C04F79EFBC}") = "SPARQL.NET", "SPARQL.NET\SPARQL.NET.csproj", "{5A32CBE1-CC36-481B-9DB1-B2D8FF9E7A6C}"
EndProject
Project("{FAE04EC0-301F-11D3-BF4B-00C04F79EFBC}") = "Legal.Ner.Test", "Legal.Ner.Test\Legal.Ner.Test.csproj", "{5CD746D9-312F-4E91-9E12-7B6237A82722}"
EndProject
Global
	GlobalSection(SolutionConfigurationPlatforms) = preSolution
		Debug|Any CPU = Debug|Any CPU
		Debug|ARM = Debug|ARM
		Debug|x64 = Debug|x64
		Debug|x86 = Debug|x86
		Release|Any CPU = Release|Any CPU
		Release|ARM = Release|ARM
		Release|x64 = Release|x64
		Release|x86 = Release|x86
	EndGlobalSection
	GlobalSection(ProjectConfigurationPlatforms) = postSolution
		{53D69E5E-46EE-4BB3-9958-AE32D9D3A47D}.Debug|Any CPU.ActiveCfg = Debug|Any CPU
		{53D69E5E-46EE-4BB3-9958-AE32D9D3A47D}.Debug|Any CPU.Build.0 = Debug|Any CPU
		{53D69E5E-46EE-4BB3-9958-AE32D9D3A47D}.Debug|ARM.ActiveCfg = Debug|Any CPU
		{53D69E5E-46EE-4BB3-9958-AE32D9D3A47D}.Debug|ARM.Build.0 = Debug|Any CPU
		{53D69E5E-46EE-4BB3-9958-AE32D9D3A47D}.Debug|x64.ActiveCfg = Debug|Any CPU
		{53D69E5E-46EE-4BB3-9958-AE32D9D3A47D}.Debug|x64.Build.0 = Debug|Any CPU
		{53D69E5E-46EE-4BB3-9958-AE32D9D3A47D}.Debug|x86.ActiveCfg = Debug|Any CPU
		{53D69E5E-46EE-4BB3-9958-AE32D9D3A47D}.Debug|x86.Build.0 = Debug|Any CPU
		{53D69E5E-46EE-4BB3-9958-AE32D9D3A47D}.Release|Any CPU.ActiveCfg = Release|Any CPU
		{53D69E5E-46EE-4BB3-9958-AE32D9D3A47D}.Release|Any CPU.Build.0 = Release|Any CPU
		{53D69E5E-46EE-4BB3-9958-AE32D9D3A47D}.Release|ARM.ActiveCfg = Release|Any CPU
		{53D69E5E-46EE-4BB3-9958-AE32D9D3A47D}.Release|ARM.Build.0 = Release|Any CPU
		{53D69E5E-46EE-4BB3-9958-AE32D9D3A47D}.Release|x64.ActiveCfg = Release|Any CPU
		{53D69E5E-46EE-4BB3-9958-AE32D9D3A47D}.Release|x64.Build.0 = Release|Any CPU
		{53D69E5E-46EE-4BB3-9958-AE32D9D3A47D}.Release|x86.ActiveCfg = Release|Any CPU
		{53D69E5E-46EE-4BB3-9958-AE32D9D3A47D}.Release|x86.Build.0 = Release|Any CPU
		{ECBBEB6A-85D2-4761-9080-11F76FA7DD8D}.Debug|Any CPU.ActiveCfg = Debug|Any CPU
		{ECBBEB6A-85D2-4761-9080-11F76FA7DD8D}.Debug|Any CPU.Build.0 = Debug|Any CPU
		{ECBBEB6A-85D2-4761-9080-11F76FA7DD8D}.Debug|ARM.ActiveCfg = Debug|Any CPU
		{ECBBEB6A-85D2-4761-9080-11F76FA7DD8D}.Debug|ARM.Build.0 = Debug|Any CPU
		{ECBBEB6A-85D2-4761-9080-11F76FA7DD8D}.Debug|x64.ActiveCfg = Debug|Any CPU
		{ECBBEB6A-85D2-4761-9080-11F76FA7DD8D}.Debug|x64.Build.0 = Debug|Any CPU
		{ECBBEB6A-85D2-4761-9080-11F76FA7DD8D}.Debug|x86.ActiveCfg = Debug|Any CPU
		{ECBBEB6A-85D2-4761-9080-11F76FA7DD8D}.Debug|x86.Build.0 = Debug|Any CPU
		{ECBBEB6A-85D2-4761-9080-11F76FA7DD8D}.Release|Any CPU.ActiveCfg = Release|Any CPU
		{ECBBEB6A-85D2-4761-9080-11F76FA7DD8D}.Release|Any CPU.Build.0 = Release|Any CPU
		{ECBBEB6A-85D2-4761-9080-11F76FA7DD8D}.Release|ARM.ActiveCfg = Release|Any CPU
		{ECBBEB6A-85D2-4761-9080-11F76FA7DD8D}.Release|ARM.Build.0 = Release|Any CPU
		{ECBBEB6A-85D2-4761-9080-11F76FA7DD8D}.Release|x64.ActiveCfg = Release|Any CPU
		{ECBBEB6A-85D2-4761-9080-11F76FA7DD8D}.Release|x64.Build.0 = Release|Any CPU
		{ECBBEB6A-85D2-4761-9080-11F76FA7DD8D}.Release|x86.ActiveCfg = Release|Any CPU
		{ECBBEB6A-85D2-4761-9080-11F76FA7DD8D}.Release|x86.Build.0 = Release|Any CPU
		{2F1F7B99-A94E-4730-888D-998D717CFB40}.Debug|Any CPU.ActiveCfg = Debug|Any CPU
		{2F1F7B99-A94E-4730-888D-998D717CFB40}.Debug|Any CPU.Build.0 = Debug|Any CPU
		{2F1F7B99-A94E-4730-888D-998D717CFB40}.Debug|ARM.ActiveCfg = Debug|Any CPU
		{2F1F7B99-A94E-4730-888D-998D717CFB40}.Debug|ARM.Build.0 = Debug|Any CPU
		{2F1F7B99-A94E-4730-888D-998D717CFB40}.Debug|x64.ActiveCfg = Debug|Any CPU
		{2F1F7B99-A94E-4730-888D-998D717CFB40}.Debug|x64.Build.0 = Debug|Any CPU
		{2F1F7B99-A94E-4730-888D-998D717CFB40}.Debug|x86.ActiveCfg = Debug|Any CPU
		{2F1F7B99-A94E-4730-888D-998D717CFB40}.Debug|x86.Build.0 = Debug|Any CPU
		{2F1F7B99-A94E-4730-888D-998D717CFB40}.Release|Any CPU.ActiveCfg = Release|Any CPU
		{2F1F7B99-A94E-4730-888D-998D717CFB40}.Release|Any CPU.Build.0 = Release|Any CPU
		{2F1F7B99-A94E-4730-888D-998D717CFB40}.Release|ARM.ActiveCfg = Release|Any CPU
		{2F1F7B99-A94E-4730-888D-998D717CFB40}.Release|ARM.Build.0 = Release|Any CPU
		{2F1F7B99-A94E-4730-888D-998D717CFB40}.Release|x64.ActiveCfg = Release|Any CPU
		{2F1F7B99-A94E-4730-888D-998D717CFB40}.Release|x64.Build.0 = Release|Any CPU
		{2F1F7B99-A94E-4730-888D-998D717CFB40}.Release|x86.ActiveCfg = Release|Any CPU
		{2F1F7B99-A94E-4730-888D-998D717CFB40}.Release|x86.Build.0 = Release|Any CPU
		{547461CD-90C7-4A26-8E32-E9632E6C5476}.Debug|Any CPU.ActiveCfg = Debug|Any CPU
		{547461CD-90C7-4A26-8E32-E9632E6C5476}.Debug|Any CPU.Build.0 = Debug|Any CPU
		{547461CD-90C7-4A26-8E32-E9632E6C5476}.Debug|ARM.ActiveCfg = Debug|Any CPU
		{547461CD-90C7-4A26-8E32-E9632E6C5476}.Debug|ARM.Build.0 = Debug|Any CPU
		{547461CD-90C7-4A26-8E32-E9632E6C5476}.Debug|x64.ActiveCfg = Debug|Any CPU
		{547461CD-90C7-4A26-8E32-E9632E6C5476}.Debug|x64.Build.0 = Debug|Any CPU
		{547461CD-90C7-4A26-8E32-E9632E6C5476}.Debug|x86.ActiveCfg = Debug|Any CPU
		{547461CD-90C7-4A26-8E32-E9632E6C5476}.Debug|x86.Build.0 = Debug|Any CPU
		{547461CD-90C7-4A26-8E32-E9632E6C5476}.Release|Any CPU.ActiveCfg = Release|Any CPU
		{547461CD-90C7-4A26-8E32-E9632E6C5476}.Release|Any CPU.Build.0 = Release|Any CPU
		{547461CD-90C7-4A26-8E32-E9632E6C5476}.Release|ARM.ActiveCfg = Release|Any CPU
		{547461CD-90C7-4A26-8E32-E9632E6C5476}.Release|ARM.Build.0 = Release|Any CPU
		{547461CD-90C7-4A26-8E32-E9632E6C5476}.Release|x64.ActiveCfg = Release|Any CPU
		{547461CD-90C7-4A26-8E32-E9632E6C5476}.Release|x64.Build.0 = Release|Any CPU
		{547461CD-90C7-4A26-8E32-E9632E6C5476}.Release|x86.ActiveCfg = Release|Any CPU
		{547461CD-90C7-4A26-8E32-E9632E6C5476}.Release|x86.Build.0 = Release|Any CPU
		{7E67611C-372D-408A-9B44-567A8B61AC30}.Debug|Any CPU.ActiveCfg = Debug|Any CPU
		{7E67611C-372D-408A-9B44-567A8B61AC30}.Debug|Any CPU.Build.0 = Debug|Any CPU
		{7E67611C-372D-408A-9B44-567A8B61AC30}.Debug|ARM.ActiveCfg = Debug|Any CPU
		{7E67611C-372D-408A-9B44-567A8B61AC30}.Debug|ARM.Build.0 = Debug|Any CPU
		{7E67611C-372D-408A-9B44-567A8B61AC30}.Debug|x64.ActiveCfg = Debug|Any CPU
		{7E67611C-372D-408A-9B44-567A8B61AC30}.Debug|x64.Build.0 = Debug|Any CPU
		{7E67611C-372D-408A-9B44-567A8B61AC30}.Debug|x86.ActiveCfg = Debug|Any CPU
		{7E67611C-372D-408A-9B44-567A8B61AC30}.Debug|x86.Build.0 = Debug|Any CPU
		{7E67611C-372D-408A-9B44-567A8B61AC30}.Release|Any CPU.ActiveCfg = Release|Any CPU
		{7E67611C-372D-408A-9B44-567A8B61AC30}.Release|Any CPU.Build.0 = Release|Any CPU
		{7E67611C-372D-408A-9B44-567A8B61AC30}.Release|ARM.ActiveCfg = Release|Any CPU
		{7E67611C-372D-408A-9B44-567A8B61AC30}.Release|ARM.Build.0 = Release|Any CPU
		{7E67611C-372D-408A-9B44-567A8B61AC30}.Release|x64.ActiveCfg = Release|Any CPU
		{7E67611C-372D-408A-9B44-567A8B61AC30}.Release|x64.Build.0 = Release|Any CPU
		{7E67611C-372D-408A-9B44-567A8B61AC30}.Release|x86.ActiveCfg = Release|Any CPU
		{7E67611C-372D-408A-9B44-567A8B61AC30}.Release|x86.Build.0 = Release|Any CPU
		{85C00DA3-3D22-49EE-8D49-F7D8571205A7}.Debug|Any CPU.ActiveCfg = Debug|Any CPU
		{85C00DA3-3D22-49EE-8D49-F7D8571205A7}.Debug|Any CPU.Build.0 = Debug|Any CPU
		{85C00DA3-3D22-49EE-8D49-F7D8571205A7}.Debug|ARM.ActiveCfg = Debug|Any CPU
		{85C00DA3-3D22-49EE-8D49-F7D8571205A7}.Debug|ARM.Build.0 = Debug|Any CPU
		{85C00DA3-3D22-49EE-8D49-F7D8571205A7}.Debug|x64.ActiveCfg = Debug|Any CPU
		{85C00DA3-3D22-49EE-8D49-F7D8571205A7}.Debug|x64.Build.0 = Debug|Any CPU
		{85C00DA3-3D22-49EE-8D49-F7D8571205A7}.Debug|x86.ActiveCfg = Debug|Any CPU
		{85C00DA3-3D22-49EE-8D49-F7D8571205A7}.Debug|x86.Build.0 = Debug|Any CPU
		{85C00DA3-3D22-49EE-8D49-F7D8571205A7}.Release|Any CPU.ActiveCfg = Release|Any CPU
		{85C00DA3-3D22-49EE-8D49-F7D8571205A7}.Release|Any CPU.Build.0 = Release|Any CPU
		{85C00DA3-3D22-49EE-8D49-F7D8571205A7}.Release|ARM.ActiveCfg = Release|Any CPU
		{85C00DA3-3D22-49EE-8D49-F7D8571205A7}.Release|ARM.Build.0 = Release|Any CPU
		{85C00DA3-3D22-49EE-8D49-F7D8571205A7}.Release|x64.ActiveCfg = Release|Any CPU
		{85C00DA3-3D22-49EE-8D49-F7D8571205A7}.Release|x64.Build.0 = Release|Any CPU
		{85C00DA3-3D22-49EE-8D49-F7D8571205A7}.Release|x86.ActiveCfg = Release|Any CPU
		{85C00DA3-3D22-49EE-8D49-F7D8571205A7}.Release|x86.Build.0 = Release|Any CPU
		{5A32CBE1-CC36-481B-9DB1-B2D8FF9E7A6C}.Debug|Any CPU.ActiveCfg = Debug|x86
		{5A32CBE1-CC36-481B-9DB1-B2D8FF9E7A6C}.Debug|ARM.ActiveCfg = Debug|x86
		{5A32CBE1-CC36-481B-9DB1-B2D8FF9E7A6C}.Debug|x64.ActiveCfg = Debug|x86
		{5A32CBE1-CC36-481B-9DB1-B2D8FF9E7A6C}.Debug|x86.ActiveCfg = Debug|x86
		{5A32CBE1-CC36-481B-9DB1-B2D8FF9E7A6C}.Debug|x86.Build.0 = Debug|x86
		{5A32CBE1-CC36-481B-9DB1-B2D8FF9E7A6C}.Release|Any CPU.ActiveCfg = Release|x86
		{5A32CBE1-CC36-481B-9DB1-B2D8FF9E7A6C}.Release|ARM.ActiveCfg = Release|x86
		{5A32CBE1-CC36-481B-9DB1-B2D8FF9E7A6C}.Release|x64.ActiveCfg = Release|x86
		{5A32CBE1-CC36-481B-9DB1-B2D8FF9E7A6C}.Release|x86.ActiveCfg = Release|x86
		{5A32CBE1-CC36-481B-9DB1-B2D8FF9E7A6C}.Release|x86.Build.0 = Release|x86
		{5CD746D9-312F-4E91-9E12-7B6237A82722}.Debug|Any CPU.ActiveCfg = Debug|Any CPU
		{5CD746D9-312F-4E91-9E12-7B6237A82722}.Debug|Any CPU.Build.0 = Debug|Any CPU
		{5CD746D9-312F-4E91-9E12-7B6237A82722}.Debug|ARM.ActiveCfg = Debug|Any CPU
		{5CD746D9-312F-4E91-9E12-7B6237A82722}.Debug|ARM.Build.0 = Debug|Any CPU
		{5CD746D9-312F-4E91-9E12-7B6237A82722}.Debug|x64.ActiveCfg = Debug|Any CPU
		{5CD746D9-312F-4E91-9E12-7B6237A82722}.Debug|x64.Build.0 = Debug|Any CPU
		{5CD746D9-312F-4E91-9E12-7B6237A82722}.Debug|x86.ActiveCfg = Debug|Any CPU
		{5CD746D9-312F-4E91-9E12-7B6237A82722}.Debug|x86.Build.0 = Debug|Any CPU
		{5CD746D9-312F-4E91-9E12-7B6237A82722}.Release|Any CPU.ActiveCfg = Release|Any CPU
		{5CD746D9-312F-4E91-9E12-7B6237A82722}.Release|Any CPU.Build.0 = Release|Any CPU
		{5CD746D9-312F-4E91-9E12-7B6237A82722}.Release|ARM.ActiveCfg = Release|Any CPU
		{5CD746D9-312F-4E91-9E12-7B6237A82722}.Release|ARM.Build.0 = Release|Any CPU
		{5CD746D9-312F-4E91-9E12-7B6237A82722}.Release|x64.ActiveCfg = Release|Any CPU
		{5CD746D9-312F-4E91-9E12-7B6237A82722}.Release|x64.Build.0 = Release|Any CPU
		{5CD746D9-312F-4E91-9E12-7B6237A82722}.Release|x86.ActiveCfg = Release|Any CPU
		{5CD746D9-312F-4E91-9E12-7B6237A82722}.Release|x86.Build.0 = Release|Any CPU
	EndGlobalSection
	GlobalSection(SolutionProperties) = preSolution
		HideSolutionNode = FALSE
	EndGlobalSection
	GlobalSection(ExtensibilityGlobals) = postSolution
		SolutionGuid = {2B72FAF5-5CE8-46A4-9510-6465A101D78D}
	EndGlobalSection
EndGlobal
